{
    "_meta": {
        "hash": {
            "sha256": "e76a6ac4f60b8eea172196d0837c72faeed73e2cb972ad4a28efbeab731e705d"
        },
        "pipfile-spec": 6,
        "requires": {
            "python_version": "3.7"
        },
        "sources": [
            {
                "name": "pypi",
                "url": "https://pypi.org/simple",
                "verify_ssl": true
            }
        ]
    },
    "default": {
        "beautifulsoup4": {
            "hashes": [
                "sha256:194ec62a25438adcb3fdb06378b26559eda1ea8a747367d34c33cef9c7f48d57",
                "sha256:90f8e61121d6ae58362ce3bed8cd997efb00c914eae0ff3d363c32f9a9822d10",
                "sha256:f0abd31228055d698bb392a826528ea08ebb9959e6bea17c606fd9c9009db938"
            ],
            "index": "pypi",
            "version": "==4.6.3"
        },
        "certifi": {
            "hashes": [
                "sha256:47f9c83ef4c0c621eaef743f133f09fa8a74a9b75f037e8624f83bd1b6626cb7",
                "sha256:993f830721089fef441cdfeb4b2c8c9df86f0c63239f06bd025a76a7daddb033"
            ],
            "version": "==2018.11.29"
        },
        "chardet": {
            "hashes": [
                "sha256:84ab92ed1c4d4f16916e05906b6b75a6c0fb5db821cc65e70cbd64a3e2a5eaae",
                "sha256:fc323ffcaeaed0e0a02bf4d117757b98aed530d9ed4531e3e15460124c106691"
            ],
            "version": "==3.0.4"
        },
        "idna": {
            "hashes": [
                "sha256:c357b3f628cf53ae2c4c05627ecc484553142ca23264e593d327bcde5e9c3407",
                "sha256:ea8b7f6188e6fa117537c3df7da9fc686d485087abf6ac197f9c46432f7e4a3c"
            ],
            "version": "==2.8"
        },
        "lxml": {
            "hashes": [
                "sha256:02bc220d61f46e9b9d5a53c361ef95e9f5e1d27171cd461dddb17677ae2289a5",
                "sha256:22f253b542a342755f6cfc047fe4d3a296515cf9b542bc6e261af45a80b8caf6",
                "sha256:2f31145c7ff665b330919bfa44aacd3a0211a76ca7e7b441039d2a0b0451e415",
                "sha256:36720698c29e7a9626a0dc802ef8885f8f0239bfd1689628ecd459a061f2807f",
                "sha256:438a1b0203545521f6616132bfe0f4bca86f8a401364008b30e2b26ec408ce85",
                "sha256:4815892904c336bbaf73dafd54f45f69f4021c22b5bad7332176bbf4fb830568",
                "sha256:5be031b0f15ad63910d8e5038b489d95a79929513b3634ad4babf77100602588",
                "sha256:5c93ae37c3c588e829b037fdfbd64a6e40c901d3f93f7beed6d724c44829a3ad",
                "sha256:60842230678674cdac4a1cf0f707ef12d75b9a4fc4a565add4f710b5fcf185d5",
                "sha256:62939a8bb6758d1bf923aa1c13f0bcfa9bf5b2fc0f5fa917a6e25db5fe0cfa4e",
                "sha256:75830c06a62fe7b8fe3bbb5f269f0b308f19f3949ac81cfd40062f47c1455faf",
                "sha256:81992565b74332c7c1aff6a913a3e906771aa81c9d0c68c68113cffcae45bc53",
                "sha256:8c892fb0ee52c594d9a7751c7d7356056a9682674b92cc1c4dc968ff0f30c52f",
                "sha256:9d862e3cf4fc1f2837dedce9c42269c8c76d027e49820a548ac89fdcee1e361f",
                "sha256:a623965c086a6e91bb703d4da62dabe59fe88888e82c4117d544e11fd74835d6",
                "sha256:a7783ab7f6a508b0510490cef9f857b763d796ba7476d9703f89722928d1e113",
                "sha256:aab09fbe8abfa3b9ce62aaf45aca2d28726b1b9ee44871dbe644050a2fff4940",
                "sha256:abf181934ac3ef193832fb973fd7f6149b5c531903c2ec0f1220941d73eee601",
                "sha256:ae07fa0c115733fce1e9da96a3ac3fa24801742ca17e917e0c79d63a01eeb843",
                "sha256:b9c78242219f674ab645ec571c9a95d70f381319a23911941cd2358a8e0521cf",
                "sha256:bccb267678b870d9782c3b44d0cefe3ba0e329f9af8c946d32bf3778e7a4f271",
                "sha256:c4df4d27f4c93b2cef74579f00b1d3a31a929c7d8023f870c4b476f03a274db4",
                "sha256:caf0e50b546bb60dfa99bb18dfa6748458a83131ecdceaf5c071d74907e7e78a",
                "sha256:d3266bd3ac59ac4edcd5fa75165dee80b94a3e5c91049df5f7c057ccf097551c",
                "sha256:db0d213987bcd4e6d41710fb4532b22315b0d8fb439ff901782234456556aed1",
                "sha256:dbbd5cf7690a40a9f0a9325ab480d0fccf46d16b378eefc08e195d84299bfae1",
                "sha256:e16e07a0ec3a75b5ee61f2b1003c35696738f937dc8148fbda9fe2147ccb6e61",
                "sha256:e175a006725c7faadbe69e791877d09936c0ef2cf49d01b60a6c1efcb0e8be6f",
                "sha256:edd9c13a97f6550f9da2236126bb51c092b3b1ce6187f2bd966533ad794bbb5e",
                "sha256:fa39ea60d527fbdd94215b5e5552f1c6a912624521093f1384a491a8ad89ad8b"
            ],
            "index": "pypi",
            "version": "==4.2.5"
        },
        "requests": {
            "hashes": [
                "sha256:502a824f31acdacb3a35b6690b5fbf0bc41d63a24a45c4004352b0242707598e",
                "sha256:7bf2a778576d825600030a110f3c0e3e8edc51dfaafe1c146e39a2027784957b"
            ],
            "index": "pypi",
            "version": "==2.21.0"
        },
        "urllib3": {
            "hashes": [
                "sha256:61bf29cada3fc2fbefad4fdf059ea4bd1b4a86d2b6d15e1c7c0b582b9752fe39",
                "sha256:de9529817c93f27c8ccbfead6985011db27bd0ddfcdb2d86f3f663385c6a9c22"
            ],
            "version": "==1.24.1"
        }
    },
    "develop": {
        "astroid": {
            "hashes": [
                "sha256:35b032003d6a863f5dcd7ec11abd5cd5893428beaa31ab164982403bcb311f22",
                "sha256:6a5d668d7dc69110de01cdf7aeec69a679ef486862a0850cc0fd5571505b6b7e"
            ],
            "version": "==2.1.0"
        },
        "autopep8": {
            "hashes": [
                "sha256:33d2b5325b7e1afb4240814fe982eea3a92ebea712869bfd08b3c0393404248c"
            ],
            "index": "pypi",
            "version": "==1.4.3"
        },
        "isort": {
            "hashes": [
                "sha256:1153601da39a25b14ddc54955dbbacbb6b2d19135386699e2ad58517953b34af",
                "sha256:b9c40e9750f3d77e6e4d441d8b0266cf555e7cdabdcff33c4fd06366ca761ef8",
                "sha256:ec9ef8f4a9bc6f71eec99e1806bfa2de401650d996c59330782b89a5555c1497"
            ],
            "version": "==4.3.4"
        },
        "lazy-object-proxy": {
            "hashes": [
                "sha256:0ce34342b419bd8f018e6666bfef729aec3edf62345a53b537a4dcc115746a33",
                "sha256:1b668120716eb7ee21d8a38815e5eb3bb8211117d9a90b0f8e21722c0758cc39",
                "sha256:209615b0fe4624d79e50220ce3310ca1a9445fd8e6d3572a896e7f9146bbf019",
                "sha256:27bf62cb2b1a2068d443ff7097ee33393f8483b570b475db8ebf7e1cba64f088",
                "sha256:27ea6fd1c02dcc78172a82fc37fcc0992a94e4cecf53cb6d73f11749825bd98b",
                "sha256:2c1b21b44ac9beb0fc848d3993924147ba45c4ebc24be19825e57aabbe74a99e",
                "sha256:2df72ab12046a3496a92476020a1a0abf78b2a7db9ff4dc2036b8dd980203ae6",
                "sha256:320ffd3de9699d3892048baee45ebfbbf9388a7d65d832d7e580243ade426d2b",
                "sha256:50e3b9a464d5d08cc5227413db0d1c4707b6172e4d4d915c1c70e4de0bbff1f5",
                "sha256:5276db7ff62bb7b52f77f1f51ed58850e315154249aceb42e7f4c611f0f847ff",
                "sha256:61a6cf00dcb1a7f0c773ed4acc509cb636af2d6337a08f362413c76b2b47a8dd",
                "sha256:6ae6c4cb59f199d8827c5a07546b2ab7e85d262acaccaacd49b62f53f7c456f7",
                "sha256:7661d401d60d8bf15bb5da39e4dd72f5d764c5aff5a86ef52a042506e3e970ff",
                "sha256:7bd527f36a605c914efca5d3d014170b2cb184723e423d26b1fb2fd9108e264d",
                "sha256:7cb54db3535c8686ea12e9535eb087d32421184eacc6939ef15ef50f83a5e7e2",
                "sha256:7f3a2d740291f7f2c111d86a1c4851b70fb000a6c8883a59660d95ad57b9df35",
                "sha256:81304b7d8e9c824d058087dcb89144842c8e0dea6d281c031f59f0acf66963d4",
                "sha256:933947e8b4fbe617a51528b09851685138b49d511af0b6c0da2539115d6d4514",
                "sha256:94223d7f060301b3a8c09c9b3bc3294b56b2188e7d8179c762a1cda72c979252",
                "sha256:ab3ca49afcb47058393b0122428358d2fbe0408cf99f1b58b295cfeb4ed39109",
                "sha256:bd6292f565ca46dee4e737ebcc20742e3b5be2b01556dafe169f6c65d088875f",
                "sha256:cb924aa3e4a3fb644d0c463cad5bc2572649a6a3f68a7f8e4fbe44aaa6d77e4c",
                "sha256:d0fc7a286feac9077ec52a927fc9fe8fe2fabab95426722be4c953c9a8bede92",
                "sha256:ddc34786490a6e4ec0a855d401034cbd1242ef186c20d79d2166d6a4bd449577",
                "sha256:e34b155e36fa9da7e1b7c738ed7767fc9491a62ec6af70fe9da4a057759edc2d",
                "sha256:e5b9e8f6bda48460b7b143c3821b21b452cb3a835e6bbd5dd33aa0c8d3f5137d",
                "sha256:e81ebf6c5ee9684be8f2c87563880f93eedd56dd2b6146d8a725b50b7e5adb0f",
                "sha256:eb91be369f945f10d3a49f5f9be8b3d0b93a4c2be8f8a5b83b0571b8123e0a7a",
                "sha256:f460d1ceb0e4a5dcb2a652db0904224f367c9b3c1470d5a7683c0480e582468b"
            ],
            "version": "==1.3.1"
        },
        "mccabe": {
            "hashes": [
                "sha256:ab8a6258860da4b6677da4bd2fe5dc2c659cff31b3ee4f7f5d64e79735b80d42",
                "sha256:dd8d182285a0fe56bace7f45b5e7d1a6ebcbf524e8f3bd87eb0f125271b8831f"
            ],
            "version": "==0.6.1"
        },
        "pycodestyle": {
            "hashes": [
                "sha256:cbc619d09254895b0d12c2c691e237b2e91e9b2ecf5e84c26b35400f93dcfb83",
                "sha256:cbfca99bd594a10f674d0cd97a3d802a1fdef635d4361e1a2658de47ed261e3a"
            ],
            "version": "==2.4.0"
        },
        "pylint": {
            "hashes": [
                "sha256:689de29ae747642ab230c6d37be2b969bf75663176658851f456619aacf27492",
                "sha256:771467c434d0d9f081741fec1d64dfb011ed26e65e12a28fe06ca2f61c4d556c"
            ],
            "index": "pypi",
            "version": "==2.2.2"
        },
        "six": {
            "hashes": [
                "sha256:3350809f0555b11f552448330d0b52d5f24c91a322ea4a15ef22629740f3761c",
                "sha256:d16a0141ec1a18405cd4ce8b4613101da75da0e9a7aec5bdd4fa804d0e0eba73"
            ],
            "version": "==1.12.0"
        },
        "wrapt": {
            "hashes": [
                "sha256:d4d560d479f2c21e1b5443bbd15fe7ec4b37fe7e53d335d3b9b0a7b1226fe3c6"
            ],
            "version": "==1.10.11"
        }
    }
}
